
Microsoft Visual Studio Solution File, Format Version 12.00
# Visual Studio 15
VisualStudioVersion = 15.0.28010.2048
MinimumVisualStudioVersion = 10.0.40219.1
Project("{FAE04EC0-301F-11D3-BF4B-00C04F79EFBC}") = "Fred.Net", "Fred.Net\Fred.Net.csproj", "{74DD83D0-4716-497A-A642-8E82C0082360}"
EndProject
Global
	GlobalSection(SolutionConfigurationPlatforms) = preSolution
		Debug|Any CPU = Debug|Any CPU
		Release|Any CPU = Release|Any CPU
	EndGlobalSection
	GlobalSection(ProjectConfigurationPlatforms) = postSolution
		{74DD83D0-4716-497A-A642-8E82C0082360}.Debug|Any CPU.ActiveCfg = Debug|Any CPU
		{74DD83D0-4716-497A-A642-8E82C0082360}.Debug|Any CPU.Build.0 = Debug|Any CPU
		{74DD83D0-4716-497A-A642-8E82C0082360}.Release|Any CPU.ActiveCfg = Release|Any CPU
		{74DD83D0-4716-497A-A642-8E82C0082360}.Release|Any CPU.Build.0 = Release|Any CPU
	EndGlobalSection
	GlobalSection(SolutionProperties) = preSolution
		HideSolutionNode = FALSE
	EndGlobalSection
	GlobalSection(ExtensibilityGlobals) = postSolution
		SolutionGuid = {0F3616C2-D1E1-4641-857F-BC82EE2E922A}
	EndGlobalSection
EndGlobal
